
Microsoft Visual Studio Solution File, Format Version 12.00
# Visual Studio 15
VisualStudioVersion = 15.0.27004.2002
MinimumVisualStudioVersion = 10.0.40219.1
Project("{8BC9CEB8-8B4A-11D0-8D11-00A0C91BC942}") = "SimpleFS", "SimpleFS\SimpleFS.vcxproj", "{1E845F9A-015D-40F6-B9EB-D6E92DA70D63}"
EndProject
Global
	GlobalSection(SolutionConfigurationPlatforms) = preSolution
		Debug|x64 = Debug|x64
		Debug|x86 = Debug|x86
		Release|x64 = Release|x64
		Release|x86 = Release|x86
	EndGlobalSection
	GlobalSection(ProjectConfigurationPlatforms) = postSolution
		{1E845F9A-015D-40F6-B9EB-D6E92DA70D63}.Debug|x64.ActiveCfg = Debug|x64
		{1E845F9A-015D-40F6-B9EB-D6E92DA70D63}.Debug|x64.Build.0 = Debug|x64
		{1E845F9A-015D-40F6-B9EB-D6E92DA70D63}.Debug|x86.ActiveCfg = Debug|Win32
		{1E845F9A-015D-40F6-B9EB-D6E92DA70D63}.Debug|x86.Build.0 = Debug|Win32
		{1E845F9A-015D-40F6-B9EB-D6E92DA70D63}.Release|x64.ActiveCfg = Release|x64
		{1E845F9A-015D-40F6-B9EB-D6E92DA70D63}.Release|x64.Build.0 = Release|x64
		{1E845F9A-015D-40F6-B9EB-D6E92DA70D63}.Release|x86.ActiveCfg = Release|Win32
		{1E845F9A-015D-40F6-B9EB-D6E92DA70D63}.Release|x86.Build.0 = Release|Win32
	EndGlobalSection
	GlobalSection(SolutionProperties) = preSolution
		HideSolutionNode = FALSE
	EndGlobalSection
	GlobalSection(ExtensibilityGlobals) = postSolution
		SolutionGuid = {C392667A-C3AC-48FD-BE6D-A92DEA91DC8E}
	EndGlobalSection
EndGlobal
