
Microsoft Visual Studio Solution File, Format Version 12.00
# Visual Studio 15
VisualStudioVersion = 15.0.27004.2005
MinimumVisualStudioVersion = 10.0.40219.1
Project("{8BC9CEB8-8B4A-11D0-8D11-00A0C91BC942}") = "RushHours", "RushHours\RushHours.vcxproj", "{AADDA31C-0511-429E-ADD8-A12C7F89C3CC}"
EndProject
Global
	GlobalSection(SolutionConfigurationPlatforms) = preSolution
		Debug|x64 = Debug|x64
		Debug|x86 = Debug|x86
		Release|x64 = Release|x64
		Release|x86 = Release|x86
	EndGlobalSection
	GlobalSection(ProjectConfigurationPlatforms) = postSolution
		{AADDA31C-0511-429E-ADD8-A12C7F89C3CC}.Debug|x64.ActiveCfg = Debug|x64
		{AADDA31C-0511-429E-ADD8-A12C7F89C3CC}.Debug|x64.Build.0 = Debug|x64
		{AADDA31C-0511-429E-ADD8-A12C7F89C3CC}.Debug|x86.ActiveCfg = Debug|Win32
		{AADDA31C-0511-429E-ADD8-A12C7F89C3CC}.Debug|x86.Build.0 = Debug|Win32
		{AADDA31C-0511-429E-ADD8-A12C7F89C3CC}.Release|x64.ActiveCfg = Release|x64
		{AADDA31C-0511-429E-ADD8-A12C7F89C3CC}.Release|x64.Build.0 = Release|x64
		{AADDA31C-0511-429E-ADD8-A12C7F89C3CC}.Release|x86.ActiveCfg = Release|Win32
		{AADDA31C-0511-429E-ADD8-A12C7F89C3CC}.Release|x86.Build.0 = Release|Win32
	EndGlobalSection
	GlobalSection(SolutionProperties) = preSolution
		HideSolutionNode = FALSE
	EndGlobalSection
	GlobalSection(ExtensibilityGlobals) = postSolution
		SolutionGuid = {CEC621CF-961C-4E5F-B947-6213A8C4DCF9}
	EndGlobalSection
EndGlobal
