
Microsoft Visual Studio Solution File, Format Version 9.00
# Visual Studio 2005
Project("{8BC9CEB8-8B4A-11D0-8D11-00A0C91BC942}") = "FillGUI", "FillGUI\FillGUI.vcproj", "{1B948E62-BDE9-46F6-9E5D-DEA1F2D6E805}"
EndProject
Global
	GlobalSection(SolutionConfigurationPlatforms) = preSolution
		Debug|Win32 = Debug|Win32
		Release|Win32 = Release|Win32
	EndGlobalSection
	GlobalSection(ProjectConfigurationPlatforms) = postSolution
		{1B948E62-BDE9-46F6-9E5D-DEA1F2D6E805}.Debug|Win32.ActiveCfg = Debug|Win32
		{1B948E62-BDE9-46F6-9E5D-DEA1F2D6E805}.Debug|Win32.Build.0 = Debug|Win32
		{1B948E62-BDE9-46F6-9E5D-DEA1F2D6E805}.Release|Win32.ActiveCfg = Release|Win32
		{1B948E62-BDE9-46F6-9E5D-DEA1F2D6E805}.Release|Win32.Build.0 = Release|Win32
	EndGlobalSection
	GlobalSection(SolutionProperties) = preSolution
		HideSolutionNode = FALSE
	EndGlobalSection
EndGlobal
